
Microsoft Visual Studio Solution File, Format Version 12.00
# Visual Studio Version 17
VisualStudioVersion = 17.2.32616.157
MinimumVisualStudioVersion = 10.0.40219.1
Project("{FAE04EC0-301F-11D3-BF4B-00C04F79EFBC}") = "atividades", "atividades\atividades.csproj", "{434116FA-CD58-4BCD-999D-88A6F2D6F700}"
EndProject
Global
	GlobalSection(SolutionConfigurationPlatforms) = preSolution
		Debug|Any CPU = Debug|Any CPU
		Release|Any CPU = Release|Any CPU
	EndGlobalSection
	GlobalSection(ProjectConfigurationPlatforms) = postSolution
		{434116FA-CD58-4BCD-999D-88A6F2D6F700}.Debug|Any CPU.ActiveCfg = Debug|Any CPU
		{434116FA-CD58-4BCD-999D-88A6F2D6F700}.Debug|Any CPU.Build.0 = Debug|Any CPU
		{434116FA-CD58-4BCD-999D-88A6F2D6F700}.Release|Any CPU.ActiveCfg = Release|Any CPU
		{434116FA-CD58-4BCD-999D-88A6F2D6F700}.Release|Any CPU.Build.0 = Release|Any CPU
	EndGlobalSection
	GlobalSection(SolutionProperties) = preSolution
		HideSolutionNode = FALSE
	EndGlobalSection
	GlobalSection(ExtensibilityGlobals) = postSolution
		SolutionGuid = {B31E1AB6-AF13-4F06-B2FC-24A851C1A4CD}
	EndGlobalSection
EndGlobal
